
Microsoft Visual Studio Solution File, Format Version 12.00
# Visual Studio 14
VisualStudioVersion = 14.0.25420.1
MinimumVisualStudioVersion = 10.0.40219.1
Project("{2150E333-8FDC-42A3-9474-1A3956D46DE8}") = "Engine", "Engine", "{C0A918CB-C35C-4B69-99AE-8DE355916639}"
EndProject
Project("{2150E333-8FDC-42A3-9474-1A3956D46DE8}") = "Games", "Games", "{7A96BF38-13E9-4CC5-AD74-0FA7C60F9DB8}"
EndProject
Project("{8BC9CEB8-8B4A-11D0-8D11-00A0C91BC942}") = "UE4", "Intermediate\ProjectFiles\UE4.vcxproj", "{3A224955-F6CC-463A-954B-5C381F86D52D}"
EndProject
Project("{8BC9CEB8-8B4A-11D0-8D11-00A0C91BC942}") = "Prosfair_02", "Intermediate\ProjectFiles\Prosfair_02.vcxproj", "{EBC499C1-F08D-43B8-9C61-071A312B694A}"
EndProject
Global
	GlobalSection(SolutionConfigurationPlatforms) = preSolution
		DebugGame Editor|HTML5 = DebugGame Editor|HTML5
		DebugGame Editor|IOS = DebugGame Editor|IOS
		DebugGame Editor|Win32 = DebugGame Editor|Win32
		DebugGame Editor|Win64 = DebugGame Editor|Win64
		DebugGame|HTML5 = DebugGame|HTML5
		DebugGame|IOS = DebugGame|IOS
		DebugGame|Win32 = DebugGame|Win32
		DebugGame|Win64 = DebugGame|Win64
		Development Editor|HTML5 = Development Editor|HTML5
		Development Editor|IOS = Development Editor|IOS
		Development Editor|Win32 = Development Editor|Win32
		Development Editor|Win64 = Development Editor|Win64
		Development|HTML5 = Development|HTML5
		Development|IOS = Development|IOS
		Development|Win32 = Development|Win32
		Development|Win64 = Development|Win64
		Shipping|HTML5 = Shipping|HTML5
		Shipping|IOS = Shipping|IOS
		Shipping|Win32 = Shipping|Win32
		Shipping|Win64 = Shipping|Win64
	EndGlobalSection
	GlobalSection(ProjectConfigurationPlatforms) = postSolution
		{3A224955-F6CC-463A-954B-5C381F86D52D}.DebugGame Editor|HTML5.ActiveCfg = BuiltWithUnrealBuildTool|Win32
		{3A224955-F6CC-463A-954B-5C381F86D52D}.DebugGame Editor|HTML5.Build.0 = BuiltWithUnrealBuildTool|Win32
		{3A224955-F6CC-463A-954B-5C381F86D52D}.DebugGame Editor|IOS.ActiveCfg = BuiltWithUnrealBuildTool|Win32
		{3A224955-F6CC-463A-954B-5C381F86D52D}.DebugGame Editor|IOS.Build.0 = BuiltWithUnrealBuildTool|Win32
		{3A224955-F6CC-463A-954B-5C381F86D52D}.DebugGame Editor|Win32.ActiveCfg = BuiltWithUnrealBuildTool|Win32
		{3A224955-F6CC-463A-954B-5C381F86D52D}.DebugGame Editor|Win32.Build.0 = BuiltWithUnrealBuildTool|Win32
		{3A224955-F6CC-463A-954B-5C381F86D52D}.DebugGame Editor|Win64.ActiveCfg = BuiltWithUnrealBuildTool|Win32
		{3A224955-F6CC-463A-954B-5C381F86D52D}.DebugGame Editor|Win64.Build.0 = BuiltWithUnrealBuildTool|Win32
		{3A224955-F6CC-463A-954B-5C381F86D52D}.DebugGame|HTML5.ActiveCfg = BuiltWithUnrealBuildTool|Win32
		{3A224955-F6CC-463A-954B-5C381F86D52D}.DebugGame|HTML5.Build.0 = BuiltWithUnrealBuildTool|Win32
		{3A224955-F6CC-463A-954B-5C381F86D52D}.DebugGame|IOS.ActiveCfg = BuiltWithUnrealBuildTool|Win32
		{3A224955-F6CC-463A-954B-5C381F86D52D}.DebugGame|IOS.Build.0 = BuiltWithUnrealBuildTool|Win32
		{3A224955-F6CC-463A-954B-5C381F86D52D}.DebugGame|Win32.ActiveCfg = BuiltWithUnrealBuildTool|Win32
		{3A224955-F6CC-463A-954B-5C381F86D52D}.DebugGame|Win32.Build.0 = BuiltWithUnrealBuildTool|Win32
		{3A224955-F6CC-463A-954B-5C381F86D52D}.DebugGame|Win64.ActiveCfg = BuiltWithUnrealBuildTool|Win32
		{3A224955-F6CC-463A-954B-5C381F86D52D}.DebugGame|Win64.Build.0 = BuiltWithUnrealBuildTool|Win32
		{3A224955-F6CC-463A-954B-5C381F86D52D}.Development Editor|HTML5.ActiveCfg = BuiltWithUnrealBuildTool|Win32
		{3A224955-F6CC-463A-954B-5C381F86D52D}.Development Editor|HTML5.Build.0 = BuiltWithUnrealBuildTool|Win32
		{3A224955-F6CC-463A-954B-5C381F86D52D}.Development Editor|IOS.ActiveCfg = BuiltWithUnrealBuildTool|Win32
		{3A224955-F6CC-463A-954B-5C381F86D52D}.Development Editor|IOS.Build.0 = BuiltWithUnrealBuildTool|Win32
		{3A224955-F6CC-463A-954B-5C381F86D52D}.Development Editor|Win32.ActiveCfg = BuiltWithUnrealBuildTool|Win32
		{3A224955-F6CC-463A-954B-5C381F86D52D}.Development Editor|Win32.Build.0 = BuiltWithUnrealBuildTool|Win32
		{3A224955-F6CC-463A-954B-5C381F86D52D}.Development Editor|Win64.ActiveCfg = BuiltWithUnrealBuildTool|Win32
		{3A224955-F6CC-463A-954B-5C381F86D52D}.Development Editor|Win64.Build.0 = BuiltWithUnrealBuildTool|Win32
		{3A224955-F6CC-463A-954B-5C381F86D52D}.Development|HTML5.ActiveCfg = BuiltWithUnrealBuildTool|Win32
		{3A224955-F6CC-463A-954B-5C381F86D52D}.Development|HTML5.Build.0 = BuiltWithUnrealBuildTool|Win32
		{3A224955-F6CC-463A-954B-5C381F86D52D}.Development|IOS.ActiveCfg = BuiltWithUnrealBuildTool|Win32
		{3A224955-F6CC-463A-954B-5C381F86D52D}.Development|IOS.Build.0 = BuiltWithUnrealBuildTool|Win32
		{3A224955-F6CC-463A-954B-5C381F86D52D}.Development|Win32.ActiveCfg = BuiltWithUnrealBuildTool|Win32
		{3A224955-F6CC-463A-954B-5C381F86D52D}.Development|Win32.Build.0 = BuiltWithUnrealBuildTool|Win32
		{3A224955-F6CC-463A-954B-5C381F86D52D}.Development|Win64.ActiveCfg = BuiltWithUnrealBuildTool|Win32
		{3A224955-F6CC-463A-954B-5C381F86D52D}.Development|Win64.Build.0 = BuiltWithUnrealBuildTool|Win32
		{3A224955-F6CC-463A-954B-5C381F86D52D}.Shipping|HTML5.ActiveCfg = BuiltWithUnrealBuildTool|Win32
		{3A224955-F6CC-463A-954B-5C381F86D52D}.Shipping|HTML5.Build.0 = BuiltWithUnrealBuildTool|Win32
		{3A224955-F6CC-463A-954B-5C381F86D52D}.Shipping|IOS.ActiveCfg = BuiltWithUnrealBuildTool|Win32
		{3A224955-F6CC-463A-954B-5C381F86D52D}.Shipping|IOS.Build.0 = BuiltWithUnrealBuildTool|Win32
		{3A224955-F6CC-463A-954B-5C381F86D52D}.Shipping|Win32.ActiveCfg = BuiltWithUnrealBuildTool|Win32
		{3A224955-F6CC-463A-954B-5C381F86D52D}.Shipping|Win32.Build.0 = BuiltWithUnrealBuildTool|Win32
		{3A224955-F6CC-463A-954B-5C381F86D52D}.Shipping|Win64.ActiveCfg = BuiltWithUnrealBuildTool|Win32
		{3A224955-F6CC-463A-954B-5C381F86D52D}.Shipping|Win64.Build.0 = BuiltWithUnrealBuildTool|Win32
		{EBC499C1-F08D-43B8-9C61-071A312B694A}.DebugGame Editor|HTML5.ActiveCfg = HTML5_DebugGame_Editor|Win32
		{EBC499C1-F08D-43B8-9C61-071A312B694A}.DebugGame Editor|IOS.ActiveCfg = IOS_DebugGame_Editor|Win32
		{EBC499C1-F08D-43B8-9C61-071A312B694A}.DebugGame Editor|Win32.ActiveCfg = DebugGame_Editor|Win32
		{EBC499C1-F08D-43B8-9C61-071A312B694A}.DebugGame Editor|Win64.ActiveCfg = DebugGame_Editor|x64
		{EBC499C1-F08D-43B8-9C61-071A312B694A}.DebugGame Editor|Win64.Build.0 = DebugGame_Editor|x64
		{EBC499C1-F08D-43B8-9C61-071A312B694A}.DebugGame|HTML5.ActiveCfg = HTML5_DebugGame_Game|Win32
		{EBC499C1-F08D-43B8-9C61-071A312B694A}.DebugGame|HTML5.Build.0 = HTML5_DebugGame_Game|Win32
		{EBC499C1-F08D-43B8-9C61-071A312B694A}.DebugGame|IOS.ActiveCfg = IOS_DebugGame_Game|Win32
		{EBC499C1-F08D-43B8-9C61-071A312B694A}.DebugGame|IOS.Build.0 = IOS_DebugGame_Game|Win32
		{EBC499C1-F08D-43B8-9C61-071A312B694A}.DebugGame|Win32.ActiveCfg = DebugGame_Game|Win32
		{EBC499C1-F08D-43B8-9C61-071A312B694A}.DebugGame|Win32.Build.0 = DebugGame_Game|Win32
		{EBC499C1-F08D-43B8-9C61-071A312B694A}.DebugGame|Win64.ActiveCfg = DebugGame_Game|x64
		{EBC499C1-F08D-43B8-9C61-071A312B694A}.DebugGame|Win64.Build.0 = DebugGame_Game|x64
		{EBC499C1-F08D-43B8-9C61-071A312B694A}.Development Editor|HTML5.ActiveCfg = HTML5_Development_Editor|Win32
		{EBC499C1-F08D-43B8-9C61-071A312B694A}.Development Editor|IOS.ActiveCfg = IOS_Development_Editor|Win32
		{EBC499C1-F08D-43B8-9C61-071A312B694A}.Development Editor|Win32.ActiveCfg = Development_Editor|Win32
		{EBC499C1-F08D-43B8-9C61-071A312B694A}.Development Editor|Win64.ActiveCfg = Development_Editor|x64
		{EBC499C1-F08D-43B8-9C61-071A312B694A}.Development Editor|Win64.Build.0 = Development_Editor|x64
		{EBC499C1-F08D-43B8-9C61-071A312B694A}.Development|HTML5.ActiveCfg = HTML5_Development_Game|Win32
		{EBC499C1-F08D-43B8-9C61-071A312B694A}.Development|HTML5.Build.0 = HTML5_Development_Game|Win32
		{EBC499C1-F08D-43B8-9C61-071A312B694A}.Development|IOS.ActiveCfg = IOS_Development_Game|Win32
		{EBC499C1-F08D-43B8-9C61-071A312B694A}.Development|IOS.Build.0 = IOS_Development_Game|Win32
		{EBC499C1-F08D-43B8-9C61-071A312B694A}.Development|Win32.ActiveCfg = Development_Game|Win32
		{EBC499C1-F08D-43B8-9C61-071A312B694A}.Development|Win32.Build.0 = Development_Game|Win32
		{EBC499C1-F08D-43B8-9C61-071A312B694A}.Development|Win64.ActiveCfg = Development_Game|x64
		{EBC499C1-F08D-43B8-9C61-071A312B694A}.Development|Win64.Build.0 = Development_Game|x64
		{EBC499C1-F08D-43B8-9C61-071A312B694A}.Shipping|HTML5.ActiveCfg = HTML5_Shipping_Game|Win32
		{EBC499C1-F08D-43B8-9C61-071A312B694A}.Shipping|HTML5.Build.0 = HTML5_Shipping_Game|Win32
		{EBC499C1-F08D-43B8-9C61-071A312B694A}.Shipping|IOS.ActiveCfg = IOS_Shipping_Game|Win32
		{EBC499C1-F08D-43B8-9C61-071A312B694A}.Shipping|IOS.Build.0 = IOS_Shipping_Game|Win32
		{EBC499C1-F08D-43B8-9C61-071A312B694A}.Shipping|Win32.ActiveCfg = Shipping_Game|Win32
		{EBC499C1-F08D-43B8-9C61-071A312B694A}.Shipping|Win32.Build.0 = Shipping_Game|Win32
		{EBC499C1-F08D-43B8-9C61-071A312B694A}.Shipping|Win64.ActiveCfg = Shipping_Game|x64
		{EBC499C1-F08D-43B8-9C61-071A312B694A}.Shipping|Win64.Build.0 = Shipping_Game|x64
	EndGlobalSection
	GlobalSection(SolutionProperties) = preSolution
		HideSolutionNode = FALSE
	EndGlobalSection
	GlobalSection(NestedProjects) = preSolution
		{3A224955-F6CC-463A-954B-5C381F86D52D} = {C0A918CB-C35C-4B69-99AE-8DE355916639}
		{EBC499C1-F08D-43B8-9C61-071A312B694A} = {7A96BF38-13E9-4CC5-AD74-0FA7C60F9DB8}
	EndGlobalSection
EndGlobal
